
Microsoft Visual Studio Solution File, Format Version 12.00
# Visual Studio 2012
Project("{2150E333-8FDC-42A3-9474-1A3956D46DE8}") = "Solution Items", "Solution Items", "{FB3FBDA0-069B-4E49-A8FE-097D0496A948}"
	ProjectSection(SolutionItems) = preProject
		VS2010 Silverlight Developer Certification Resources.doc = VS2010 Silverlight Developer Certification Resources.doc
		VS2012 Web Applications Certification Resources.doc = VS2012 Web Applications Certification Resources.doc
	EndProjectSection
EndProject
Global
	GlobalSection(SolutionProperties) = preSolution
		HideSolutionNode = FALSE
	EndGlobalSection
EndGlobal
